# This file is automatically @generated by Poetry 1.7.0 and should not be changed by hand.

[[package]]
name = "annotated-types"
version = "0.6.0"
description = "Reusable constraint types to use with typing.Annotated"
optional = false
python-versions = ">=3.8"
files = [
    {file = "annotated_types-0.6.0-py3-none-any.whl", hash = "sha256:0641064de18ba7a25dee8f96403ebc39113d0cb953a01429249d5c7564666a43"},
    {file = "annotated_types-0.6.0.tar.gz", hash = "sha256:563339e807e53ffd9c267e99fc6d9ea23eb8443c08f112651963e24e22f84a5d"},
]

[[package]]
name = "anyio"
version = "3.7.1"
description = "High level compatibility layer for multiple asynchronous event loop implementations"
optional = false
python-versions = ">=3.7"
files = [
    {file = "anyio-3.7.1-py3-none-any.whl", hash = "sha256:91dee416e570e92c64041bd18b900d1d6fa78dff7048769ce5ac5ddad004fbb5"},
    {file = "anyio-3.7.1.tar.gz", hash = "sha256:44a3c9aba0f5defa43261a8b3efb97891f2bd7d804e0e1f56419befa1adfc780"},
]

[package.dependencies]
idna = ">=2.8"
sniffio = ">=1.1"

[package.extras]
doc = ["Sphinx", "packaging", "sphinx-autodoc-typehints (>=1.2.0)", "sphinx-rtd-theme (>=1.2.2)", "sphinxcontrib-jquery"]
test = ["anyio[trio]", "coverage[toml] (>=4.5)", "hypothesis (>=4.0)", "mock (>=4)", "psutil (>=5.9)", "pytest (>=7.0)", "pytest-mock (>=3.6.1)", "trustme", "uvloop (>=0.17)"]
trio = ["trio (<0.22)"]

[[package]]
name = "asgiref"
version = "3.7.2"
description = "ASGI specs, helper code, and adapters"
optional = false
python-versions = ">=3.7"
files = [
    {file = "asgiref-3.7.2-py3-none-any.whl", hash = "sha256:89b2ef2247e3b562a16eef663bc0e2e703ec6468e2fa8a5cd61cd449786d4f6e"},
    {file = "asgiref-3.7.2.tar.gz", hash = "sha256:9e0ce3aa93a819ba5b45120216b23878cf6e8525eb3848653452b4192b92afed"},
]

[package.extras]
tests = ["mypy (>=0.800)", "pytest", "pytest-asyncio"]

[[package]]
name = "black"
version = "23.11.0"
description = "The uncompromising code formatter."
optional = false
python-versions = ">=3.8"
files = [
    {file = "black-23.11.0-cp310-cp310-macosx_10_9_x86_64.whl", hash = "sha256:dbea0bb8575c6b6303cc65017b46351dc5953eea5c0a59d7b7e3a2d2f433a911"},
    {file = "black-23.11.0-cp310-cp310-macosx_11_0_arm64.whl", hash = "sha256:412f56bab20ac85927f3a959230331de5614aecda1ede14b373083f62ec24e6f"},
    {file = "black-23.11.0-cp310-cp310-manylinux_2_17_x86_64.manylinux2014_x86_64.whl", hash = "sha256:d136ef5b418c81660ad847efe0e55c58c8208b77a57a28a503a5f345ccf01394"},
    {file = "black-23.11.0-cp310-cp310-win_amd64.whl", hash = "sha256:6c1cac07e64433f646a9a838cdc00c9768b3c362805afc3fce341af0e6a9ae9f"},
    {file = "black-23.11.0-cp311-cp311-macosx_10_9_x86_64.whl", hash = "sha256:cf57719e581cfd48c4efe28543fea3d139c6b6f1238b3f0102a9c73992cbb479"},
    {file = "black-23.11.0-cp311-cp311-macosx_11_0_arm64.whl", hash = "sha256:698c1e0d5c43354ec5d6f4d914d0d553a9ada56c85415700b81dc90125aac244"},
    {file = "black-23.11.0-cp311-cp311-manylinux_2_17_x86_64.manylinux2014_x86_64.whl", hash = "sha256:760415ccc20f9e8747084169110ef75d545f3b0932ee21368f63ac0fee86b221"},
    {file = "black-23.11.0-cp311-cp311-win_amd64.whl", hash = "sha256:58e5f4d08a205b11800332920e285bd25e1a75c54953e05502052738fe16b3b5"},
    {file = "black-23.11.0-cp38-cp38-macosx_10_9_x86_64.whl", hash = "sha256:45aa1d4675964946e53ab81aeec7a37613c1cb71647b5394779e6efb79d6d187"},
    {file = "black-23.11.0-cp38-cp38-macosx_11_0_arm64.whl", hash = "sha256:4c44b7211a3a0570cc097e81135faa5f261264f4dfaa22bd5ee2875a4e773bd6"},
    {file = "black-23.11.0-cp38-cp38-manylinux_2_17_x86_64.manylinux2014_x86_64.whl", hash = "sha256:2a9acad1451632021ee0d146c8765782a0c3846e0e0ea46659d7c4f89d9b212b"},
    {file = "black-23.11.0-cp38-cp38-win_amd64.whl", hash = "sha256:fc7f6a44d52747e65a02558e1d807c82df1d66ffa80a601862040a43ec2e3142"},
    {file = "black-23.11.0-cp39-cp39-macosx_10_9_x86_64.whl", hash = "sha256:7f622b6822f02bfaf2a5cd31fdb7cd86fcf33dab6ced5185c35f5db98260b055"},
    {file = "black-23.11.0-cp39-cp39-macosx_11_0_arm64.whl", hash = "sha256:250d7e60f323fcfc8ea6c800d5eba12f7967400eb6c2d21ae85ad31c204fb1f4"},
    {file = "black-23.11.0-cp39-cp39-manylinux_2_17_x86_64.manylinux2014_x86_64.whl", hash = "sha256:5133f5507007ba08d8b7b263c7aa0f931af5ba88a29beacc4b2dc23fcefe9c06"},
    {file = "black-23.11.0-cp39-cp39-win_amd64.whl", hash = "sha256:421f3e44aa67138ab1b9bfbc22ee3780b22fa5b291e4db8ab7eee95200726b07"},
    {file = "black-23.11.0-py3-none-any.whl", hash = "sha256:54caaa703227c6e0c87b76326d0862184729a69b73d3b7305b6288e1d830067e"},
    {file = "black-23.11.0.tar.gz", hash = "sha256:4c68855825ff432d197229846f971bc4d6666ce90492e5b02013bcaca4d9ab05"},
]

[package.dependencies]
click = ">=8.0.0"
mypy-extensions = ">=0.4.3"
packaging = ">=22.0"
pathspec = ">=0.9.0"
platformdirs = ">=2"

[package.extras]
colorama = ["colorama (>=0.4.3)"]
d = ["aiohttp (>=3.7.4)"]
jupyter = ["ipython (>=7.8.0)", "tokenize-rt (>=3.2.0)"]
uvloop = ["uvloop (>=0.15.2)"]

[[package]]
name = "click"
version = "8.1.7"
description = "Composable command line interface toolkit"
optional = false
python-versions = ">=3.7"
files = [
    {file = "click-8.1.7-py3-none-any.whl", hash = "sha256:ae74fb96c20a0277a1d615f1e4d73c8414f5a98db8b799a7931d1582f3390c28"},
    {file = "click-8.1.7.tar.gz", hash = "sha256:ca9853ad459e787e2192211578cc907e7594e294c7ccc834310722b41b9ca6de"},
]

[package.dependencies]
colorama = {version = "*", markers = "platform_system == \"Windows\""}

[[package]]
name = "colorama"
version = "0.4.6"
description = "Cross-platform colored terminal text."
optional = false
python-versions = "!=3.0.*,!=3.1.*,!=3.2.*,!=3.3.*,!=3.4.*,!=3.5.*,!=3.6.*,>=2.7"
files = [
    {file = "colorama-0.4.6-py2.py3-none-any.whl", hash = "sha256:4f1d9991f5acc0ca119f9d443620b77f9d6b33703e51011c16baf57afb285fc6"},
    {file = "colorama-0.4.6.tar.gz", hash = "sha256:08695f5cb7ed6e0531a20572697297273c47b8cae5a63ffc6d6ed5c201be6e44"},
]

[[package]]
name = "django"
version = "4.2.7"
description = "A high-level Python web framework that encourages rapid development and clean, pragmatic design."
optional = false
python-versions = ">=3.8"
files = [
    {file = "Django-4.2.7-py3-none-any.whl", hash = "sha256:e1d37c51ad26186de355cbcec16613ebdabfa9689bbade9c538835205a8abbe9"},
    {file = "Django-4.2.7.tar.gz", hash = "sha256:8e0f1c2c2786b5c0e39fe1afce24c926040fad47c8ea8ad30aaf1188df29fc41"},
]

[package.dependencies]
asgiref = ">=3.6.0,<4"
sqlparse = ">=0.3.1"
tzdata = {version = "*", markers = "sys_platform == \"win32\""}

[package.extras]
argon2 = ["argon2-cffi (>=19.1.0)"]
bcrypt = ["bcrypt"]

[[package]]
name = "django-stubs"
version = "4.2.6"
description = "Mypy stubs for Django"
optional = false
python-versions = ">=3.8"
files = [
    {file = "django-stubs-4.2.6.tar.gz", hash = "sha256:e60b43de662a199db4b15c803c06669e0ac5035614af291cbd3b91591f7dcc94"},
    {file = "django_stubs-4.2.6-py3-none-any.whl", hash = "sha256:2fcd257884a68dfa02de41ee5410ec805264d9b07d9b5b119e4dea82c7b8345e"},
]

[package.dependencies]
django = "*"
django-stubs-ext = ">=4.2.5"
types-pytz = "*"
types-PyYAML = "*"
typing-extensions = "*"

[package.extras]
compatible-mypy = ["mypy (>=1.6.0,<1.7.0)"]

[[package]]
name = "django-stubs-ext"
version = "4.2.5"
description = "Monkey-patching and extensions for django-stubs"
optional = false
python-versions = ">=3.8"
files = [
    {file = "django-stubs-ext-4.2.5.tar.gz", hash = "sha256:8c4d1fb5f68419b3b2474c659681a189803e27d6a5e5abf5aa0da57601b58633"},
    {file = "django_stubs_ext-4.2.5-py3-none-any.whl", hash = "sha256:921cd7ae4614e74c234bc0fe86ee75537d163addfe1fc6f134bf03e29d86c01e"},
]

[package.dependencies]
django = "*"
typing-extensions = "*"

[[package]]
name = "django-types"
version = "0.19.1"
description = "Type stubs for Django"
optional = false
python-versions = ">=3.7,<4.0"
files = [
    {file = "django_types-0.19.1-py3-none-any.whl", hash = "sha256:b3f529de17f6374d41ca67232aa01330c531bbbaa3ac4097896f31ac33c96c30"},
    {file = "django_types-0.19.1.tar.gz", hash = "sha256:5ae7988612cf6fbc357b018bbc3b3a878b65e04275cc46e0d35d66a708daff12"},
]

[package.dependencies]
types-psycopg2 = ">=2.9.21.13"

[[package]]
name = "fastapi"
version = "0.104.1"
description = "FastAPI framework, high performance, easy to learn, fast to code, ready for production"
optional = false
python-versions = ">=3.8"
files = [
    {file = "fastapi-0.104.1-py3-none-any.whl", hash = "sha256:752dc31160cdbd0436bb93bad51560b57e525cbb1d4bbf6f4904ceee75548241"},
    {file = "fastapi-0.104.1.tar.gz", hash = "sha256:e5e4540a7c5e1dcfbbcf5b903c234feddcdcd881f191977a1c5dfd917487e7ae"},
]

[package.dependencies]
anyio = ">=3.7.1,<4.0.0"
pydantic = ">=1.7.4,<1.8 || >1.8,<1.8.1 || >1.8.1,<2.0.0 || >2.0.0,<2.0.1 || >2.0.1,<2.1.0 || >2.1.0,<3.0.0"
starlette = ">=0.27.0,<0.28.0"
typing-extensions = ">=4.8.0"

[package.extras]
all = ["email-validator (>=2.0.0)", "httpx (>=0.23.0)", "itsdangerous (>=1.1.0)", "jinja2 (>=2.11.2)", "orjson (>=3.2.1)", "pydantic-extra-types (>=2.0.0)", "pydantic-settings (>=2.0.0)", "python-multipart (>=0.0.5)", "pyyaml (>=5.3.1)", "ujson (>=4.0.1,!=4.0.2,!=4.1.0,!=4.2.0,!=4.3.0,!=5.0.0,!=5.1.0)", "uvicorn[standard] (>=0.12.0)"]

[[package]]
name = "h11"
version = "0.14.0"
description = "A pure-Python, bring-your-own-I/O implementation of HTTP/1.1"
optional = false
python-versions = ">=3.7"
files = [
    {file = "h11-0.14.0-py3-none-any.whl", hash = "sha256:e3fe4ac4b851c468cc8363d500db52c2ead036020723024a109d37346efaa761"},
    {file = "h11-0.14.0.tar.gz", hash = "sha256:8f19fbbe99e72420ff35c00b27a34cb9937e902a8b810e2c88300c6f0a3b699d"},
]

[[package]]
name = "idna"
version = "3.4"
description = "Internationalized Domain Names in Applications (IDNA)"
optional = false
python-versions = ">=3.5"
files = [
    {file = "idna-3.4-py3-none-any.whl", hash = "sha256:90b77e79eaa3eba6de819a0c442c0b4ceefc341a7a2ab77d7562bf49f425c5c2"},
    {file = "idna-3.4.tar.gz", hash = "sha256:814f528e8dead7d329833b91c5faa87d60bf71824cd12a7530b5526063d02cb4"},
]

[[package]]
name = "install"
version = "1.3.5"
description = "Install packages from within code"
optional = false
python-versions = ">=2.7, >=3.5"
files = [
    {file = "install-1.3.5-py3-none-any.whl", hash = "sha256:0d3fadf4aa62c95efe8d34757c8507eb46177f86c016c21c6551eafc6a53d5a9"},
    {file = "install-1.3.5.tar.gz", hash = "sha256:e67c8a0be5ccf8cb4ffa17d090f3a61b6e820e6a7e21cd1d2c0f7bc59b18e647"},
]

[[package]]
name = "isort"
version = "5.12.0"
description = "A Python utility / library to sort Python imports."
optional = false
python-versions = ">=3.8.0"
files = [
    {file = "isort-5.12.0-py3-none-any.whl", hash = "sha256:f84c2818376e66cf843d497486ea8fed8700b340f308f076c6fb1229dff318b6"},
    {file = "isort-5.12.0.tar.gz", hash = "sha256:8bef7dde241278824a6d83f44a544709b065191b95b6e50894bdc722fcba0504"},
]

[package.extras]
colors = ["colorama (>=0.4.3)"]
pipfile-deprecated-finder = ["pip-shims (>=0.5.2)", "pipreqs", "requirementslib"]
plugins = ["setuptools"]
requirements-deprecated-finder = ["pip-api", "pipreqs"]

[[package]]
name = "mypy-extensions"
version = "1.0.0"
description = "Type system extensions for programs checked with the mypy type checker."
optional = false
python-versions = ">=3.5"
files = [
    {file = "mypy_extensions-1.0.0-py3-none-any.whl", hash = "sha256:4392f6c0eb8a5668a69e23d168ffa70f0be9ccfd32b5cc2d26a34ae5b844552d"},
    {file = "mypy_extensions-1.0.0.tar.gz", hash = "sha256:75dbf8955dc00442a438fc4d0666508a9a97b6bd41aa2f0ffe9d2f2725af0782"},
]

[[package]]
name = "nodeenv"
version = "1.8.0"
description = "Node.js virtual environment builder"
optional = false
python-versions = ">=2.7,!=3.0.*,!=3.1.*,!=3.2.*,!=3.3.*,!=3.4.*,!=3.5.*,!=3.6.*"
files = [
    {file = "nodeenv-1.8.0-py2.py3-none-any.whl", hash = "sha256:df865724bb3c3adc86b3876fa209771517b0cfe596beff01a92700e0e8be4cec"},
    {file = "nodeenv-1.8.0.tar.gz", hash = "sha256:d51e0c37e64fbf47d017feac3145cdbb58836d7eee8c6f6d3b6880c5456227d2"},
]

[package.dependencies]
setuptools = "*"

[[package]]
name = "packaging"
version = "23.2"
description = "Core utilities for Python packages"
optional = false
python-versions = ">=3.7"
files = [
    {file = "packaging-23.2-py3-none-any.whl", hash = "sha256:8c491190033a9af7e1d931d0b5dacc2ef47509b34dd0de67ed209b5203fc88c7"},
    {file = "packaging-23.2.tar.gz", hash = "sha256:048fb0e9405036518eaaf48a55953c750c11e1a1b68e0dd1a9d62ed0c092cfc5"},
]

[[package]]
name = "pathspec"
version = "0.11.2"
description = "Utility library for gitignore style pattern matching of file paths."
optional = false
python-versions = ">=3.7"
files = [
    {file = "pathspec-0.11.2-py3-none-any.whl", hash = "sha256:1d6ed233af05e679efb96b1851550ea95bbb64b7c490b0f5aa52996c11e92a20"},
    {file = "pathspec-0.11.2.tar.gz", hash = "sha256:e0d8d0ac2f12da61956eb2306b69f9469b42f4deb0f3cb6ed47b9cce9996ced3"},
]

[[package]]
name = "pip"
version = "23.3.1"
description = "The PyPA recommended tool for installing Python packages."
optional = false
python-versions = ">=3.7"
files = [
    {file = "pip-23.3.1-py3-none-any.whl", hash = "sha256:55eb67bb6171d37447e82213be585b75fe2b12b359e993773aca4de9247a052b"},
    {file = "pip-23.3.1.tar.gz", hash = "sha256:1fcaa041308d01f14575f6d0d2ea4b75a3e2871fe4f9c694976f908768e14174"},
]

[[package]]
name = "platformdirs"
version = "4.0.0"
description = "A small Python package for determining appropriate platform-specific dirs, e.g. a \"user data dir\"."
optional = false
python-versions = ">=3.7"
files = [
    {file = "platformdirs-4.0.0-py3-none-any.whl", hash = "sha256:118c954d7e949b35437270383a3f2531e99dd93cf7ce4dc8340d3356d30f173b"},
    {file = "platformdirs-4.0.0.tar.gz", hash = "sha256:cb633b2bcf10c51af60beb0ab06d2f1d69064b43abf4c185ca6b28865f3f9731"},
]

[package.extras]
docs = ["furo (>=2023.7.26)", "proselint (>=0.13)", "sphinx (>=7.1.1)", "sphinx-autodoc-typehints (>=1.24)"]
test = ["appdirs (==1.4.4)", "covdefaults (>=2.3)", "pytest (>=7.4)", "pytest-cov (>=4.1)", "pytest-mock (>=3.11.1)"]

[[package]]
name = "pydantic"
version = "2.5.0"
description = "Data validation using Python type hints"
optional = false
python-versions = ">=3.7"
files = [
    {file = "pydantic-2.5.0-py3-none-any.whl", hash = "sha256:7ce6e766c456ad026fe5712f7bcf036efc34bd5d107b3e669ef7ea01b3a9050c"},
    {file = "pydantic-2.5.0.tar.gz", hash = "sha256:69bd6fb62d2d04b7055f59a396993486a2ee586c43a0b89231ce0000de07627c"},
]

[package.dependencies]
annotated-types = ">=0.4.0"
pydantic-core = "2.14.1"
typing-extensions = ">=4.6.1"

[package.extras]
email = ["email-validator (>=2.0.0)"]

[[package]]
name = "pydantic-core"
version = "2.14.1"
description = ""
optional = false
python-versions = ">=3.7"
files = [
    {file = "pydantic_core-2.14.1-cp310-cp310-macosx_10_7_x86_64.whl", hash = "sha256:812beca1dcb2b722cccc7e9c620bd972cbc323321194ec2725eab3222e6ac573"},
    {file = "pydantic_core-2.14.1-cp310-cp310-macosx_11_0_arm64.whl", hash = "sha256:a2ccdc53cb88e51c7d47d74c59630d7be844428f6b8d463055ffad6f0392d8da"},
    {file = "pydantic_core-2.14.1-cp310-cp310-manylinux_2_17_aarch64.manylinux2014_aarch64.whl", hash = "sha256:fd937733bf2fe7d6a8bf208c12741f1f730b7bf5636033877767a75093c29b8a"},
    {file = "pydantic_core-2.14.1-cp310-cp310-manylinux_2_17_armv7l.manylinux2014_armv7l.whl", hash = "sha256:581bb606a31749a00796f5257947a0968182d7fe91e1dada41f06aeb6bfbc91a"},
    {file = "pydantic_core-2.14.1-cp310-cp310-manylinux_2_17_ppc64le.manylinux2014_ppc64le.whl", hash = "sha256:aadf74a40a7ae49c3c1aa7d32334fe94f4f968e21dd948e301bb4ed431fb2412"},
    {file = "pydantic_core-2.14.1-cp310-cp310-manylinux_2_17_s390x.manylinux2014_s390x.whl", hash = "sha256:b89821a2c77cc1b8f2c1fc3aacd6a3ecc5df8f7e518dc3f18aef8c4dcf66003d"},
    {file = "pydantic_core-2.14.1-cp310-cp310-manylinux_2_17_x86_64.manylinux2014_x86_64.whl", hash = "sha256:49ee28d65f506b2858a60745cc974ed005298ebab12693646b97641dd7c99c35"},
    {file = "pydantic_core-2.14.1-cp310-cp310-manylinux_2_5_i686.manylinux1_i686.whl", hash = "sha256:97246f896b4df7fd84caa8a75a67abb95f94bc0b547665bf0889e3262b060399"},
    {file = "pydantic_core-2.14.1-cp310-cp310-musllinux_1_1_aarch64.whl", hash = "sha256:1185548665bc61bbab0dc78f10c8eafa0db0aa1e920fe9a451b77782b10a65cc"},
    {file = "pydantic_core-2.14.1-cp310-cp310-musllinux_1_1_x86_64.whl", hash = "sha256:2a7d08b39fac97540fba785fce3b21ee01a81f081a07a4d031efd791da6666f9"},
    {file = "pydantic_core-2.14.1-cp310-none-win32.whl", hash = "sha256:0a8c8daf4e3aa3aeb98e3638fc3d58a359738f3d12590b2474c6bb64031a0764"},
    {file = "pydantic_core-2.14.1-cp310-none-win_amd64.whl", hash = "sha256:4f0788699a92d604f348e9c1ac5e97e304e97127ba8325c7d0af88dcc7d35bd3"},
    {file = "pydantic_core-2.14.1-cp311-cp311-macosx_10_7_x86_64.whl", hash = "sha256:2be018a84995b6be1bbd40d6064395dbf71592a981169cf154c0885637f5f54a"},
    {file = "pydantic_core-2.14.1-cp311-cp311-macosx_11_0_arm64.whl", hash = "sha256:fc3227408808ba7df8e95eb1d8389f4ba2203bed8240b308de1d7ae66d828f24"},
    {file = "pydantic_core-2.14.1-cp311-cp311-manylinux_2_17_aarch64.manylinux2014_aarch64.whl", hash = "sha256:42d5d0e9bbb50481a049bd0203224b339d4db04006b78564df2b782e2fd16ebc"},
    {file = "pydantic_core-2.14.1-cp311-cp311-manylinux_2_17_armv7l.manylinux2014_armv7l.whl", hash = "sha256:bc6a4ea9f88a810cb65ccae14404da846e2a02dd5c0ad21dee712ff69d142638"},
    {file = "pydantic_core-2.14.1-cp311-cp311-manylinux_2_17_ppc64le.manylinux2014_ppc64le.whl", hash = "sha256:d312ad20e3c6d179cb97c42232b53111bcd8dcdd5c1136083db9d6bdd489bc73"},
    {file = "pydantic_core-2.14.1-cp311-cp311-manylinux_2_17_s390x.manylinux2014_s390x.whl", hash = "sha256:679cc4e184f213c8227862e57340d12fd4d4d19dc0e3ddb0f653f86f01e90f94"},
    {file = "pydantic_core-2.14.1-cp311-cp311-manylinux_2_17_x86_64.manylinux2014_x86_64.whl", hash = "sha256:101df420e954966868b8bc992aefed5fa71dd1f2755104da62ee247abab28e2f"},
    {file = "pydantic_core-2.14.1-cp311-cp311-manylinux_2_5_i686.manylinux1_i686.whl", hash = "sha256:c964c0cc443d6c08a2347c0e5c1fc2d85a272dc66c1a6f3cde4fc4843882ada4"},
    {file = "pydantic_core-2.14.1-cp311-cp311-musllinux_1_1_aarch64.whl", hash = "sha256:8276bbab68a9dbe721da92d19cbc061f76655248fe24fb63969d0c3e0e5755e7"},
    {file = "pydantic_core-2.14.1-cp311-cp311-musllinux_1_1_x86_64.whl", hash = "sha256:12163197fec7c95751a3c71b36dcc1909eed9959f011ffc79cc8170a6a74c826"},
    {file = "pydantic_core-2.14.1-cp311-none-win32.whl", hash = "sha256:b8ff0302518dcd001bd722bbe342919c29e5066c7eda86828fe08cdc112668b8"},
    {file = "pydantic_core-2.14.1-cp311-none-win_amd64.whl", hash = "sha256:59fa83873223f856d898452c6162a390af4297756f6ba38493a67533387d85d9"},
    {file = "pydantic_core-2.14.1-cp311-none-win_arm64.whl", hash = "sha256:798590d38c9381f07c48d13af1f1ef337cebf76ee452fcec5deb04aceced51c7"},
    {file = "pydantic_core-2.14.1-cp312-cp312-macosx_10_7_x86_64.whl", hash = "sha256:587d75aec9ae50d0d63788cec38bf13c5128b3fc1411aa4b9398ebac884ab179"},
    {file = "pydantic_core-2.14.1-cp312-cp312-macosx_11_0_arm64.whl", hash = "sha256:26242e3593d4929123615bd9365dd86ef79b7b0592d64a96cd11fd83c69c9f34"},
    {file = "pydantic_core-2.14.1-cp312-cp312-manylinux_2_17_aarch64.manylinux2014_aarch64.whl", hash = "sha256:5879ac4791508d8f0eb7dec71ff8521855180688dac0c55f8c99fc4d1a939845"},
    {file = "pydantic_core-2.14.1-cp312-cp312-manylinux_2_17_armv7l.manylinux2014_armv7l.whl", hash = "sha256:ad9ea86f5fc50f1b62c31184767fe0cacaa13b54fe57d38898c3776d30602411"},
    {file = "pydantic_core-2.14.1-cp312-cp312-manylinux_2_17_ppc64le.manylinux2014_ppc64le.whl", hash = "sha256:102ac85a775e77821943ae38da9634ddd774b37a8d407181b4f7b05cdfb36b55"},
    {file = "pydantic_core-2.14.1-cp312-cp312-manylinux_2_17_s390x.manylinux2014_s390x.whl", hash = "sha256:2459cc06572730e079ec1e694e8f68c99d977b40d98748ae72ff11ef21a56b0b"},
    {file = "pydantic_core-2.14.1-cp312-cp312-manylinux_2_17_x86_64.manylinux2014_x86_64.whl", hash = "sha256:217dcbfaf429a9b8f1d54eb380908b9c778e78f31378283b30ba463c21e89d5d"},
    {file = "pydantic_core-2.14.1-cp312-cp312-manylinux_2_5_i686.manylinux1_i686.whl", hash = "sha256:9d59e0d7cdfe8ed1d4fcd28aad09625c715dc18976c7067e37d8a11b06f4be3e"},
    {file = "pydantic_core-2.14.1-cp312-cp312-musllinux_1_1_aarch64.whl", hash = "sha256:e2be646a5155d408e68b560c0553e8a83dc7b9f90ec6e5a2fc3ff216719385db"},
    {file = "pydantic_core-2.14.1-cp312-cp312-musllinux_1_1_x86_64.whl", hash = "sha256:ffba979801e3931a19cd30ed2049450820effe8f152aaa317e2fd93795d318d7"},
    {file = "pydantic_core-2.14.1-cp312-none-win32.whl", hash = "sha256:132b40e479cb5cebbbb681f77aaceabbc8355df16c9124cff1d4060ada83cde2"},
    {file = "pydantic_core-2.14.1-cp312-none-win_amd64.whl", hash = "sha256:744b807fe2733b6da3b53e8ad93e8b3ea3ee3dfc3abece4dd2824cc1f39aa343"},
    {file = "pydantic_core-2.14.1-cp312-none-win_arm64.whl", hash = "sha256:24ba48f9d0b8d64fc5e42e1600366c3d7db701201294989aebdaca23110c02ab"},
    {file = "pydantic_core-2.14.1-cp37-cp37m-macosx_10_7_x86_64.whl", hash = "sha256:ba55d73a2df4771b211d0bcdea8b79454980a81ed34a1d77a19ddcc81f98c895"},
    {file = "pydantic_core-2.14.1-cp37-cp37m-macosx_11_0_arm64.whl", hash = "sha256:e905014815687d88cbb14bbc0496420526cf20d49f20606537d87646b70f1046"},
    {file = "pydantic_core-2.14.1-cp37-cp37m-manylinux_2_17_aarch64.manylinux2014_aarch64.whl", hash = "sha256:443dc5eede7fa76b2370213e0abe881eb17c96f7d694501853c11d5d56916602"},
    {file = "pydantic_core-2.14.1-cp37-cp37m-manylinux_2_17_armv7l.manylinux2014_armv7l.whl", hash = "sha256:abae6fd5504e5e438e4f6f739f8364fd9ff5a5cdca897e68363e2318af90bc28"},
    {file = "pydantic_core-2.14.1-cp37-cp37m-manylinux_2_17_ppc64le.manylinux2014_ppc64le.whl", hash = "sha256:9486e27bb3f137f33e2315be2baa0b0b983dae9e2f5f5395240178ad8e644728"},
    {file = "pydantic_core-2.14.1-cp37-cp37m-manylinux_2_17_s390x.manylinux2014_s390x.whl", hash = "sha256:69df82892ff00491d673b1929538efb8c8d68f534fdc6cb7fd3ac8a5852b9034"},
    {file = "pydantic_core-2.14.1-cp37-cp37m-manylinux_2_17_x86_64.manylinux2014_x86_64.whl", hash = "sha256:184ff7b30c3f60e1b775378c060099285fd4b5249271046c9005f8b247b39377"},
    {file = "pydantic_core-2.14.1-cp37-cp37m-manylinux_2_5_i686.manylinux1_i686.whl", hash = "sha256:3d5b2a4b3c10cad0615670cab99059441ff42e92cf793a0336f4bc611e895204"},
    {file = "pydantic_core-2.14.1-cp37-cp37m-musllinux_1_1_aarch64.whl", hash = "sha256:871c641a83719caaa856a11dcc61c5e5b35b0db888e1a0d338fe67ce744575e2"},
    {file = "pydantic_core-2.14.1-cp37-cp37m-musllinux_1_1_x86_64.whl", hash = "sha256:1e7208946ea9b27a8cef13822c339d4ae96e45952cc01fc4a91c7f1cb0ae2861"},
    {file = "pydantic_core-2.14.1-cp37-none-win32.whl", hash = "sha256:b4ff385a525017f5adf6066d7f9fb309f99ade725dcf17ed623dc7dce1f85d9f"},
    {file = "pydantic_core-2.14.1-cp37-none-win_amd64.whl", hash = "sha256:c7411cd06afeb263182e38c6ca5b4f5fe4f20d91466ad7db0cd6af453a02edec"},
    {file = "pydantic_core-2.14.1-cp38-cp38-macosx_10_7_x86_64.whl", hash = "sha256:2871daf5b2823bf77bf7d3d43825e5d904030c155affdf84b21a00a2e00821d2"},
    {file = "pydantic_core-2.14.1-cp38-cp38-macosx_11_0_arm64.whl", hash = "sha256:7977e261cac5f99873dc2c6f044315d09b19a71c4246560e1e67593889a90978"},
    {file = "pydantic_core-2.14.1-cp38-cp38-manylinux_2_17_aarch64.manylinux2014_aarch64.whl", hash = "sha256:e5a111f9158555582deadd202a60bd7803b6c68f406391b7cf6905adf0af6811"},
    {file = "pydantic_core-2.14.1-cp38-cp38-manylinux_2_17_armv7l.manylinux2014_armv7l.whl", hash = "sha256:ac417312bf6b7a0223ba73fb12e26b2854c93bf5b1911f7afef6d24c379b22aa"},
    {file = "pydantic_core-2.14.1-cp38-cp38-manylinux_2_17_ppc64le.manylinux2014_ppc64le.whl", hash = "sha256:c36987f5eb2a7856b5f5feacc3be206b4d1852a6ce799f6799dd9ffb0cba56ae"},
    {file = "pydantic_core-2.14.1-cp38-cp38-manylinux_2_17_s390x.manylinux2014_s390x.whl", hash = "sha256:c6e98227eb02623d57e1fd061788837834b68bb995a869565211b9abf3de4bf4"},
    {file = "pydantic_core-2.14.1-cp38-cp38-manylinux_2_17_x86_64.manylinux2014_x86_64.whl", hash = "sha256:023b6d7ec4e97890b28eb2ee24413e69a6d48de4e8b75123957edd5432f4eeb3"},
    {file = "pydantic_core-2.14.1-cp38-cp38-manylinux_2_5_i686.manylinux1_i686.whl", hash = "sha256:6015beb28deb5306049ecf2519a59627e9e050892927850a884df6d5672f8c7d"},
    {file = "pydantic_core-2.14.1-cp38-cp38-musllinux_1_1_aarch64.whl", hash = "sha256:3f48d4afd973abbd65266ac24b24de1591116880efc7729caf6b6b94a9654c9e"},
    {file = "pydantic_core-2.14.1-cp38-cp38-musllinux_1_1_x86_64.whl", hash = "sha256:28734bcfb8fc5b03293dec5eb5ea73b32ff767f6ef79a31f6e41dad2f5470270"},
    {file = "pydantic_core-2.14.1-cp38-none-win32.whl", hash = "sha256:3303113fdfaca927ef11e0c5f109e2ec196c404f9d7ba5f8ddb63cdf287ea159"},
    {file = "pydantic_core-2.14.1-cp38-none-win_amd64.whl", hash = "sha256:144f2c1d5579108b6ed1193fcc9926124bd4142b0f7020a7744980d1235c8a40"},
    {file = "pydantic_core-2.14.1-cp39-cp39-macosx_10_7_x86_64.whl", hash = "sha256:893bf4fb9bfb9c4639bc12f3de323325ada4c6d60e478d5cded65453e9364890"},
    {file = "pydantic_core-2.14.1-cp39-cp39-macosx_11_0_arm64.whl", hash = "sha256:052d8731aaf844f91fe4cd3faf28983b109a5865b3a256ec550b80a5689ead87"},
    {file = "pydantic_core-2.14.1-cp39-cp39-manylinux_2_17_aarch64.manylinux2014_aarch64.whl", hash = "sha256:bb1c6ecb53e4b907ee8486f453dd940b8cbb509946e2b671e3bf807d310a96fc"},
    {file = "pydantic_core-2.14.1-cp39-cp39-manylinux_2_17_armv7l.manylinux2014_armv7l.whl", hash = "sha256:94cf6d0274eb899d39189144dcf52814c67f9b0fd196f211420d9aac793df2da"},
    {file = "pydantic_core-2.14.1-cp39-cp39-manylinux_2_17_ppc64le.manylinux2014_ppc64le.whl", hash = "sha256:36c3bf96f803e207a80dbcb633d82b98ff02a9faa76dd446e969424dec8e2b9f"},
    {file = "pydantic_core-2.14.1-cp39-cp39-manylinux_2_17_s390x.manylinux2014_s390x.whl", hash = "sha256:fb290491f1f0786a7da4585250f1feee200fc17ff64855bdd7c42fb54526fa29"},
    {file = "pydantic_core-2.14.1-cp39-cp39-manylinux_2_17_x86_64.manylinux2014_x86_64.whl", hash = "sha256:6590ed9d13eb51b28ea17ddcc6c8dbd6050b4eb589d497105f0e13339f223b72"},
    {file = "pydantic_core-2.14.1-cp39-cp39-manylinux_2_5_i686.manylinux1_i686.whl", hash = "sha256:69cd74e55a5326d920e7b46daa2d81c2bdb8bcf588eafb2330d981297b742ddc"},
    {file = "pydantic_core-2.14.1-cp39-cp39-musllinux_1_1_aarch64.whl", hash = "sha256:d965bdb50725a805b083f5f58d05669a85705f50a6a864e31b545c589290ee31"},
    {file = "pydantic_core-2.14.1-cp39-cp39-musllinux_1_1_x86_64.whl", hash = "sha256:ca942a2dc066ca5e04c27feaa8dfb9d353ddad14c6641660c565149186095343"},
    {file = "pydantic_core-2.14.1-cp39-none-win32.whl", hash = "sha256:72c2ef3787c3b577e5d6225d73a77167b942d12cef3c1fbd5e74e55b7f881c36"},
    {file = "pydantic_core-2.14.1-cp39-none-win_amd64.whl", hash = "sha256:55713d155da1e508083c4b08d0b1ad2c3054f68b8ef7eb3d3864822e456f0bb5"},
    {file = "pydantic_core-2.14.1-pp310-pypy310_pp73-macosx_10_7_x86_64.whl", hash = "sha256:53efe03cc383a83660cfdda6a3cb40ee31372cedea0fde0b2a2e55e838873ab6"},
    {file = "pydantic_core-2.14.1-pp310-pypy310_pp73-macosx_11_0_arm64.whl", hash = "sha256:f523e116879bc6714e61d447ce934676473b068069dce6563ea040381dc7a257"},
    {file = "pydantic_core-2.14.1-pp310-pypy310_pp73-manylinux_2_17_aarch64.manylinux2014_aarch64.whl", hash = "sha256:85bb66d661be51b2cba9ca06759264b3469d2dbb53c3e6effb3f05fec6322be6"},
    {file = "pydantic_core-2.14.1-pp310-pypy310_pp73-manylinux_2_5_i686.manylinux1_i686.whl", hash = "sha256:f53a3ccdc30234cb4342cec541e3e6ed87799c7ca552f0b5f44e3967a5fed526"},
    {file = "pydantic_core-2.14.1-pp310-pypy310_pp73-musllinux_1_1_aarch64.whl", hash = "sha256:1bfb63821ada76719ffcd703fc40dd57962e0d8c253e3c565252e6de6d3e0bc6"},
    {file = "pydantic_core-2.14.1-pp310-pypy310_pp73-musllinux_1_1_x86_64.whl", hash = "sha256:e2c689439f262c29cf3fcd5364da1e64d8600facecf9eabea8643b8755d2f0de"},
    {file = "pydantic_core-2.14.1-pp310-pypy310_pp73-win_amd64.whl", hash = "sha256:a15f6e5588f7afb7f6fc4b0f4ff064749e515d34f34c666ed6e37933873d8ad8"},
    {file = "pydantic_core-2.14.1-pp37-pypy37_pp73-macosx_10_7_x86_64.whl", hash = "sha256:f1a30eef060e21af22c7d23349f1028de0611f522941c80efa51c05a63142c62"},
    {file = "pydantic_core-2.14.1-pp37-pypy37_pp73-manylinux_2_17_aarch64.manylinux2014_aarch64.whl", hash = "sha256:16f4a7e1ec6b3ea98a1e108a2739710cd659d68b33fbbeaba066202cab69c7b6"},
    {file = "pydantic_core-2.14.1-pp37-pypy37_pp73-manylinux_2_5_i686.manylinux1_i686.whl", hash = "sha256:fd80a2d383940eec3db6a5b59d1820f947317acc5c75482ff8d79bf700f8ad6a"},
    {file = "pydantic_core-2.14.1-pp37-pypy37_pp73-musllinux_1_1_aarch64.whl", hash = "sha256:a68a36d71c7f638dda6c9e6b67f6aabf3fa1471b198d246457bfdc7c777cdeb7"},
    {file = "pydantic_core-2.14.1-pp37-pypy37_pp73-musllinux_1_1_x86_64.whl", hash = "sha256:ebc79120e105e4bcd7865f369e3b9dbabb0d492d221e1a7f62a3e8e292550278"},
    {file = "pydantic_core-2.14.1-pp38-pypy38_pp73-macosx_10_7_x86_64.whl", hash = "sha256:c8c466facec2ccdf025b0b1455b18f2c3d574d5f64d24df905d3d7b8f05d5f4e"},
    {file = "pydantic_core-2.14.1-pp38-pypy38_pp73-macosx_11_0_arm64.whl", hash = "sha256:b91b5ec423e88caa16777094c4b2b97f11453283e7a837e5e5e1b886abba1251"},
    {file = "pydantic_core-2.14.1-pp38-pypy38_pp73-manylinux_2_17_aarch64.manylinux2014_aarch64.whl", hash = "sha256:130e49aa0cb316f743bc7792c36aefa39fc2221312f1d4b333b19edbdd71f2b1"},
    {file = "pydantic_core-2.14.1-pp38-pypy38_pp73-manylinux_2_5_i686.manylinux1_i686.whl", hash = "sha256:f483467c046f549572f8aca3b7128829e09ae3a9fe933ea421f7cb7c58120edb"},
    {file = "pydantic_core-2.14.1-pp38-pypy38_pp73-musllinux_1_1_aarch64.whl", hash = "sha256:dee4682bd7947afc682d342a8d65ad1834583132383f8e801601a8698cb8d17a"},
    {file = "pydantic_core-2.14.1-pp38-pypy38_pp73-musllinux_1_1_x86_64.whl", hash = "sha256:8d927d042c0ef04607ee7822828b208ab045867d20477ec6593d612156798547"},
    {file = "pydantic_core-2.14.1-pp38-pypy38_pp73-win_amd64.whl", hash = "sha256:5a1570875eb0d1479fb2270ed80c88c231aaaf68b0c3f114f35e7fb610435e4f"},
    {file = "pydantic_core-2.14.1-pp39-pypy39_pp73-macosx_10_7_x86_64.whl", hash = "sha256:cb2fd3ab67558eb16aecfb4f2db4febb4d37dc74e6b8613dc2e7160fb58158a9"},
    {file = "pydantic_core-2.14.1-pp39-pypy39_pp73-macosx_11_0_arm64.whl", hash = "sha256:a7991f25b98038252363a03e6a9fe92e60fe390fda2631d238dc3b0e396632f8"},
    {file = "pydantic_core-2.14.1-pp39-pypy39_pp73-manylinux_2_17_aarch64.manylinux2014_aarch64.whl", hash = "sha256:5b45b7be9f99991405ecd6f6172fb6798908a8097106ae78d5cc5cc15121bad9"},
    {file = "pydantic_core-2.14.1-pp39-pypy39_pp73-manylinux_2_5_i686.manylinux1_i686.whl", hash = "sha256:51506e7652a2ef1d1cf763c4b51b972ff4568d1dddc96ca83931a6941f5e6389"},
    {file = "pydantic_core-2.14.1-pp39-pypy39_pp73-musllinux_1_1_aarch64.whl", hash = "sha256:66dc0e63349ec39c1ea66622aa5c2c1f84382112afd3ab2fa0cca4fb01f7db39"},
    {file = "pydantic_core-2.14.1-pp39-pypy39_pp73-musllinux_1_1_x86_64.whl", hash = "sha256:8e17f0c3ba4cb07faa0038a59ce162de584ed48ba645c8d05a5de1e40d4c21e7"},
    {file = "pydantic_core-2.14.1-pp39-pypy39_pp73-win_amd64.whl", hash = "sha256:d983222223f63e323a5f497f5b85e211557a5d8fb670dc88f343784502b466ba"},
    {file = "pydantic_core-2.14.1.tar.gz", hash = "sha256:0d82a6ee815388a362885186e431fac84c7a06623bc136f508e9f88261d8cadb"},
]

[package.dependencies]
typing-extensions = ">=4.6.0,<4.7.0 || >4.7.0"

[[package]]
name = "pyright"
version = "1.1.335"
description = "Command line wrapper for pyright"
optional = false
python-versions = ">=3.7"
files = [
    {file = "pyright-1.1.335-py3-none-any.whl", hash = "sha256:1149d99d5cea3997010a5ac39611534e0426125d5090913ae5cb1e0e2c9fbca3"},
    {file = "pyright-1.1.335.tar.gz", hash = "sha256:12c09c1644b223515cc342f7d383e55eefeedd730d7875e39a2cf338c2d99be4"},
]

[package.dependencies]
nodeenv = ">=1.6.0"

[package.extras]
all = ["twine (>=3.4.1)"]
dev = ["twine (>=3.4.1)"]

[[package]]
name = "setuptools"
version = "68.2.2"
description = "Easily download, build, install, upgrade, and uninstall Python packages"
optional = false
python-versions = ">=3.8"
files = [
    {file = "setuptools-68.2.2-py3-none-any.whl", hash = "sha256:b454a35605876da60632df1a60f736524eb73cc47bbc9f3f1ef1b644de74fd2a"},
    {file = "setuptools-68.2.2.tar.gz", hash = "sha256:4ac1475276d2f1c48684874089fefcd83bd7162ddaafb81fac866ba0db282a87"},
]

[package.extras]
docs = ["furo", "jaraco.packaging (>=9.3)", "jaraco.tidelift (>=1.4)", "pygments-github-lexers (==0.0.5)", "rst.linker (>=1.9)", "sphinx (>=3.5)", "sphinx-favicon", "sphinx-hoverxref (<2)", "sphinx-inline-tabs", "sphinx-lint", "sphinx-notfound-page (>=1,<2)", "sphinx-reredirects", "sphinxcontrib-towncrier"]
testing = ["build[virtualenv]", "filelock (>=3.4.0)", "flake8-2020", "ini2toml[lite] (>=0.9)", "jaraco.develop (>=7.21)", "jaraco.envs (>=2.2)", "jaraco.path (>=3.2.0)", "pip (>=19.1)", "pytest (>=6)", "pytest-black (>=0.3.7)", "pytest-checkdocs (>=2.4)", "pytest-cov", "pytest-enabler (>=2.2)", "pytest-mypy (>=0.9.1)", "pytest-perf", "pytest-ruff", "pytest-timeout", "pytest-xdist", "tomli-w (>=1.0.0)", "virtualenv (>=13.0.0)", "wheel"]
testing-integration = ["build[virtualenv] (>=1.0.3)", "filelock (>=3.4.0)", "jaraco.envs (>=2.2)", "jaraco.path (>=3.2.0)", "packaging (>=23.1)", "pytest", "pytest-enabler", "pytest-xdist", "tomli", "virtualenv (>=13.0.0)", "wheel"]

[[package]]
name = "sniffio"
version = "1.3.0"
description = "Sniff out which async library your code is running under"
optional = false
python-versions = ">=3.7"
files = [
    {file = "sniffio-1.3.0-py3-none-any.whl", hash = "sha256:eecefdce1e5bbfb7ad2eeaabf7c1eeb404d7757c379bd1f7e5cce9d8bf425384"},
    {file = "sniffio-1.3.0.tar.gz", hash = "sha256:e60305c5e5d314f5389259b7f22aaa33d8f7dee49763119234af3755c55b9101"},
]

[[package]]
name = "sqlparse"
version = "0.4.4"
description = "A non-validating SQL parser."
optional = false
python-versions = ">=3.5"
files = [
    {file = "sqlparse-0.4.4-py3-none-any.whl", hash = "sha256:5430a4fe2ac7d0f93e66f1efc6e1338a41884b7ddf2a350cedd20ccc4d9d28f3"},
    {file = "sqlparse-0.4.4.tar.gz", hash = "sha256:d446183e84b8349fa3061f0fe7f06ca94ba65b426946ffebe6e3e8295332420c"},
]

[package.extras]
dev = ["build", "flake8"]
doc = ["sphinx"]
test = ["pytest", "pytest-cov"]

[[package]]
name = "starlette"
version = "0.27.0"
description = "The little ASGI library that shines."
optional = false
python-versions = ">=3.7"
files = [
    {file = "starlette-0.27.0-py3-none-any.whl", hash = "sha256:918416370e846586541235ccd38a474c08b80443ed31c578a418e2209b3eef91"},
    {file = "starlette-0.27.0.tar.gz", hash = "sha256:6a6b0d042acb8d469a01eba54e9cda6cbd24ac602c4cd016723117d6a7e73b75"},
]

[package.dependencies]
anyio = ">=3.4.0,<5"

[package.extras]
full = ["httpx (>=0.22.0)", "itsdangerous", "jinja2", "python-multipart", "pyyaml"]

[[package]]
name = "types-psycopg2"
version = "2.9.21.15"
description = "Typing stubs for psycopg2"
optional = false
python-versions = ">=3.7"
files = [
    {file = "types-psycopg2-2.9.21.15.tar.gz", hash = "sha256:cf99b62ab32cd4ef412fc3c4da1c29ca5a130847dff06d709b84a523802406f0"},
    {file = "types_psycopg2-2.9.21.15-py3-none-any.whl", hash = "sha256:cc80479def02e4dd1ef21649d82f04426c73bc0693bcc0a8b5223c7c168472af"},
]

[[package]]
name = "types-pytz"
version = "2023.3.1.1"
description = "Typing stubs for pytz"
optional = false
python-versions = "*"
files = [
    {file = "types-pytz-2023.3.1.1.tar.gz", hash = "sha256:cc23d0192cd49c8f6bba44ee0c81e4586a8f30204970fc0894d209a6b08dab9a"},
    {file = "types_pytz-2023.3.1.1-py3-none-any.whl", hash = "sha256:1999a123a3dc0e39a2ef6d19f3f8584211de9e6a77fe7a0259f04a524e90a5cf"},
]

[[package]]
name = "types-pyyaml"
version = "6.0.12.12"
description = "Typing stubs for PyYAML"
optional = false
python-versions = "*"
files = [
    {file = "types-PyYAML-6.0.12.12.tar.gz", hash = "sha256:334373d392fde0fdf95af5c3f1661885fa10c52167b14593eb856289e1855062"},
    {file = "types_PyYAML-6.0.12.12-py3-none-any.whl", hash = "sha256:c05bc6c158facb0676674b7f11fe3960db4f389718e19e62bd2b84d6205cfd24"},
]

[[package]]
name = "typing-extensions"
version = "4.8.0"
description = "Backported and Experimental Type Hints for Python 3.8+"
optional = false
python-versions = ">=3.8"
files = [
    {file = "typing_extensions-4.8.0-py3-none-any.whl", hash = "sha256:8f92fc8806f9a6b641eaa5318da32b44d401efaac0f6678c9bc448ba3605faa0"},
    {file = "typing_extensions-4.8.0.tar.gz", hash = "sha256:df8e4339e9cb77357558cbdbceca33c303714cf861d1eef15e1070055ae8b7ef"},
]

[[package]]
name = "tzdata"
version = "2023.3"
description = "Provider of IANA time zone data"
optional = false
python-versions = ">=2"
files = [
    {file = "tzdata-2023.3-py2.py3-none-any.whl", hash = "sha256:7e65763eef3120314099b6939b5546db7adce1e7d6f2e179e3df563c70511eda"},
    {file = "tzdata-2023.3.tar.gz", hash = "sha256:11ef1e08e54acb0d4f95bdb1be05da659673de4acbd21bf9c69e94cc5e907a3a"},
]

[[package]]
name = "uvicorn"
version = "0.24.0.post1"
description = "The lightning-fast ASGI server."
optional = false
python-versions = ">=3.8"
files = [
    {file = "uvicorn-0.24.0.post1-py3-none-any.whl", hash = "sha256:7c84fea70c619d4a710153482c0d230929af7bcf76c7bfa6de151f0a3a80121e"},
    {file = "uvicorn-0.24.0.post1.tar.gz", hash = "sha256:09c8e5a79dc466bdf28dead50093957db184de356fcdc48697bad3bde4c2588e"},
]

[package.dependencies]
click = ">=7.0"
h11 = ">=0.8"

[package.extras]
standard = ["colorama (>=0.4)", "httptools (>=0.5.0)", "python-dotenv (>=0.13)", "pyyaml (>=5.1)", "uvloop (>=0.14.0,!=0.15.0,!=0.15.1)", "watchfiles (>=0.13)", "websockets (>=10.4)"]

[[package]]
name = "whitenoise"
version = "6.6.0"
description = "Radically simplified static file serving for WSGI applications"
optional = false
python-versions = ">=3.8"
files = [
    {file = "whitenoise-6.6.0-py3-none-any.whl", hash = "sha256:b1f9db9bf67dc183484d760b99f4080185633136a273a03f6436034a41064146"},
    {file = "whitenoise-6.6.0.tar.gz", hash = "sha256:8998f7370973447fac1e8ef6e8ded2c5209a7b1f67c1012866dbcd09681c3251"},
]

[package.extras]
brotli = ["Brotli"]

[metadata]
lock-version = "2.0"
python-versions = "^3.12"
content-hash = "4c78280d95486acfa62e21ffbc3cdaf18ddbb5c0f5901908742da8ca73b2f435"
